
Microsoft Visual Studio Solution File, Format Version 12.00
# Visual Studio 15
VisualStudioVersion = 15.0.28010.2036
MinimumVisualStudioVersion = 10.0.40219.1
Project("{FAE04EC0-301F-11D3-BF4B-00C04F79EFBC}") = "QLCuocDienThoai_User", "QLCuocDienThoai_User\QLCuocDienThoai_User.csproj", "{D1A46D3F-9327-4B7E-AB21-7335A651565C}"
EndProject
Project("{FAE04EC0-301F-11D3-BF4B-00C04F79EFBC}") = "QLCuocDienThoai_Admin", "QLCuocDienThoai_Admin\QLCuocDienThoai_Admin.csproj", "{2911E40C-8A99-4257-B817-FE49D8571FBA}"
EndProject
Global
	GlobalSection(SolutionConfigurationPlatforms) = preSolution
		Debug|Any CPU = Debug|Any CPU
		Release|Any CPU = Release|Any CPU
	EndGlobalSection
	GlobalSection(ProjectConfigurationPlatforms) = postSolution
		{D1A46D3F-9327-4B7E-AB21-7335A651565C}.Debug|Any CPU.ActiveCfg = Debug|Any CPU
		{D1A46D3F-9327-4B7E-AB21-7335A651565C}.Debug|Any CPU.Build.0 = Debug|Any CPU
		{D1A46D3F-9327-4B7E-AB21-7335A651565C}.Release|Any CPU.ActiveCfg = Release|Any CPU
		{D1A46D3F-9327-4B7E-AB21-7335A651565C}.Release|Any CPU.Build.0 = Release|Any CPU
		{2911E40C-8A99-4257-B817-FE49D8571FBA}.Debug|Any CPU.ActiveCfg = Debug|Any CPU
		{2911E40C-8A99-4257-B817-FE49D8571FBA}.Debug|Any CPU.Build.0 = Debug|Any CPU
		{2911E40C-8A99-4257-B817-FE49D8571FBA}.Release|Any CPU.ActiveCfg = Release|Any CPU
		{2911E40C-8A99-4257-B817-FE49D8571FBA}.Release|Any CPU.Build.0 = Release|Any CPU
	EndGlobalSection
	GlobalSection(SolutionProperties) = preSolution
		HideSolutionNode = FALSE
	EndGlobalSection
	GlobalSection(ExtensibilityGlobals) = postSolution
		SolutionGuid = {ED8DE8C1-F346-460F-B616-83B6ED313CB3}
	EndGlobalSection
EndGlobal
